<?xml version="1.0" encoding="utf-8"?>
<Project ToolsVersion="4.0" xmlns="http://schemas.microsoft.com/developer/msbuild/2003">
  <ItemGroup>
    <ClCompile Include="pause_module.cpp">
      <Filter>Game</Filter>
    </ClCompile>
    <ClCompile Include="play_module.cpp">
      <Filter>Game</Filter>
    </ClCompile>
    <ClCompile Include="game_module.cpp">
      <Filter>Engine</Filter>
    </ClCompile>
    <ClCompile Include="image.cpp">
      <Filter>Engine</Filter>
    </ClCompile>
    <ClCompile Include="main.cpp">
      <Filter>Engine</Filter>
    </ClCompile>
    <ClCompile Include="state.cpp">
      <Filter>Engine</Filter>
    </ClCompile>
    <ClCompile Include="wind_turbine.cpp">
      <Filter>Engine</Filter>
    </ClCompile>
    <ClCompile Include="entity.cpp">
      <Filter>Engine</Filter>
    </ClCompile>
    <ClCompile Include="player.cpp">
      <Filter>Game</Filter>
    </ClCompile>
    <ClCompile Include="animation.cpp">
      <Filter>Engine</Filter>
    </ClCompile>
  </ItemGroup>
  <ItemGroup>
    <ClInclude Include="animation.h">
      <Filter>Engine\header</Filter>
    </ClInclude>
    <ClInclude Include="entity.h">
      <Filter>Engine\header</Filter>
    </ClInclude>
    <ClInclude Include="image.h">
      <Filter>Engine\header</Filter>
    </ClInclude>
    <ClInclude Include="state.h">
      <Filter>Engine\header</Filter>
    </ClInclude>
    <ClInclude Include="wind_turbine.h">
      <Filter>Engine\header</Filter>
    </ClInclude>
    <ClInclude Include="game_module.h">
      <Filter>Engine\header</Filter>
    </ClInclude>
    <ClInclude Include="pause_module.h">
      <Filter>Game\header</Filter>
    </ClInclude>
    <ClInclude Include="play_module.h">
      <Filter>Game\header</Filter>
    </ClInclude>
    <ClInclude Include="player.h">
      <Filter>Game\header</Filter>
    </ClInclude>
  </ItemGroup>
  <ItemGroup>
    <Filter Include="Game">
      <UniqueIdentifier>{62d02225-27da-4986-a74b-574d4416dac2}</UniqueIdentifier>
    </Filter>
    <Filter Include="Engine">
      <UniqueIdentifier>{5b10cf76-8145-4fe1-ac9d-f6e58e33280c}</UniqueIdentifier>
    </Filter>
    <Filter Include="Engine\header">
      <UniqueIdentifier>{b58fa346-db27-4304-b411-0990539851a1}</UniqueIdentifier>
    </Filter>
    <Filter Include="Game\header">
      <UniqueIdentifier>{d70c9d7b-efe6-4170-98c2-469b67928d82}</UniqueIdentifier>
    </Filter>
  </ItemGroup>
</Project>